
Microsoft Visual Studio Solution File, Format Version 11.00
# Visual Studio 2010
# SharpDevelop 4.3
Project("{FAE04EC0-301F-11D3-BF4B-00C04F79EFBC}") = "Practica-6", "Practica6\Practica-6.csproj", "{7C5C0B25-8BED-459D-81FD-5EB63A6F07E6}"
EndProject
Global
	GlobalSection(SolutionConfigurationPlatforms) = preSolution
		Debug|Any CPU = Debug|Any CPU
		Release|Any CPU = Release|Any CPU
	EndGlobalSection
	GlobalSection(ProjectConfigurationPlatforms) = postSolution
		{7C5C0B25-8BED-459D-81FD-5EB63A6F07E6}.Debug|Any CPU.Build.0 = Debug|Any CPU
		{7C5C0B25-8BED-459D-81FD-5EB63A6F07E6}.Debug|Any CPU.ActiveCfg = Debug|Any CPU
		{7C5C0B25-8BED-459D-81FD-5EB63A6F07E6}.Release|Any CPU.Build.0 = Release|Any CPU
		{7C5C0B25-8BED-459D-81FD-5EB63A6F07E6}.Release|Any CPU.ActiveCfg = Release|Any CPU
	EndGlobalSection
EndGlobal
